
Microsoft Visual Studio Solution File, Format Version 12.00
# Visual Studio Version 17
VisualStudioVersion = 17.5.33502.453
MinimumVisualStudioVersion = 10.0.40219.1
Project("{9A19103F-16F7-4668-BE54-9A1E7A4F7556}") = "DocumentExport", "DocumentExport.csproj", "{3C4C6B6C-1F20-4FB7-824E-857320E8E4B8}"
EndProject
Project("{2150E333-8FDC-42A3-9474-1A3956D46DE8}") = "Fake", "Fake", "{B649607D-771A-461F-8E64-4485A1C3AB8F}"
EndProject
Project("{9A19103F-16F7-4668-BE54-9A1E7A4F7556}") = "FakeLibraries", "..\FakeLibraries\FakeLibraries.csproj", "{C9528B56-77CE-4232-A4A4-3DAC50ED60A8}"
EndProject
Global
	GlobalSection(SolutionConfigurationPlatforms) = preSolution
		Debug|Any CPU = Debug|Any CPU
		Release|Any CPU = Release|Any CPU
	EndGlobalSection
	GlobalSection(ProjectConfigurationPlatforms) = postSolution
		{3C4C6B6C-1F20-4FB7-824E-857320E8E4B8}.Debug|Any CPU.ActiveCfg = Debug|Any CPU
		{3C4C6B6C-1F20-4FB7-824E-857320E8E4B8}.Debug|Any CPU.Build.0 = Debug|Any CPU
		{3C4C6B6C-1F20-4FB7-824E-857320E8E4B8}.Release|Any CPU.ActiveCfg = Release|Any CPU
		{3C4C6B6C-1F20-4FB7-824E-857320E8E4B8}.Release|Any CPU.Build.0 = Release|Any CPU
		{C9528B56-77CE-4232-A4A4-3DAC50ED60A8}.Debug|Any CPU.ActiveCfg = Debug|Any CPU
		{C9528B56-77CE-4232-A4A4-3DAC50ED60A8}.Debug|Any CPU.Build.0 = Debug|Any CPU
		{C9528B56-77CE-4232-A4A4-3DAC50ED60A8}.Release|Any CPU.ActiveCfg = Release|Any CPU
		{C9528B56-77CE-4232-A4A4-3DAC50ED60A8}.Release|Any CPU.Build.0 = Release|Any CPU
	EndGlobalSection
	GlobalSection(SolutionProperties) = preSolution
		HideSolutionNode = FALSE
	EndGlobalSection
	GlobalSection(NestedProjects) = preSolution
		{C9528B56-77CE-4232-A4A4-3DAC50ED60A8} = {B649607D-771A-461F-8E64-4485A1C3AB8F}
	EndGlobalSection
	GlobalSection(ExtensibilityGlobals) = postSolution
		SolutionGuid = {DC56CA42-F2FB-41E7-AC0F-B012E6CC960B}
	EndGlobalSection
EndGlobal
